
Microsoft Visual Studio Solution File, Format Version 12.00
# Visual Studio Version 17
VisualStudioVersion = 17.0.32112.339
MinimumVisualStudioVersion = 10.0.40219.1
Project("{9A19103F-16F7-4668-BE54-9A1E7A4F7556}") = "UnityC", "UnityC.csproj", "{DA4588AC-ABAA-4C6B-8D0D-D884104EAFD4}"
EndProject
Project("{FAE04EC0-301F-11D3-BF4B-00C04F79EFBC}") = "CSharp2048", "..\CSharp2048\CSharp2048.csproj", "{6E87E0B6-33A3-48B6-87F3-2A57F1C974F7}"
EndProject
Global
	GlobalSection(SolutionConfigurationPlatforms) = preSolution
		Debug|Any CPU = Debug|Any CPU
		Release|Any CPU = Release|Any CPU
	EndGlobalSection
	GlobalSection(ProjectConfigurationPlatforms) = postSolution
		{DA4588AC-ABAA-4C6B-8D0D-D884104EAFD4}.Debug|Any CPU.ActiveCfg = Debug|Any CPU
		{DA4588AC-ABAA-4C6B-8D0D-D884104EAFD4}.Debug|Any CPU.Build.0 = Debug|Any CPU
		{DA4588AC-ABAA-4C6B-8D0D-D884104EAFD4}.Release|Any CPU.ActiveCfg = Release|Any CPU
		{DA4588AC-ABAA-4C6B-8D0D-D884104EAFD4}.Release|Any CPU.Build.0 = Release|Any CPU
		{6E87E0B6-33A3-48B6-87F3-2A57F1C974F7}.Debug|Any CPU.ActiveCfg = Debug|Any CPU
		{6E87E0B6-33A3-48B6-87F3-2A57F1C974F7}.Debug|Any CPU.Build.0 = Debug|Any CPU
		{6E87E0B6-33A3-48B6-87F3-2A57F1C974F7}.Release|Any CPU.ActiveCfg = Release|Any CPU
		{6E87E0B6-33A3-48B6-87F3-2A57F1C974F7}.Release|Any CPU.Build.0 = Release|Any CPU
	EndGlobalSection
	GlobalSection(SolutionProperties) = preSolution
		HideSolutionNode = FALSE
	EndGlobalSection
	GlobalSection(ExtensibilityGlobals) = postSolution
		SolutionGuid = {26ACB244-7F9B-42DA-BAB3-2DCF3AA22F68}
	EndGlobalSection
EndGlobal
